
Microsoft Visual Studio Solution File, Format Version 12.00
# Visual Studio 15
VisualStudioVersion = 15.0.28307.645
MinimumVisualStudioVersion = 10.0.40219.1
Project("{FAE04EC0-301F-11D3-BF4B-00C04F79EFBC}") = "SavECS", "SavECS\SavECS.csproj", "{7C089BBC-7E35-4C63-97E2-23E4AE7B3380}"
EndProject
Project("{FAE04EC0-301F-11D3-BF4B-00C04F79EFBC}") = "SavECS.Example", "SavECS.Example\SavECS.Example.csproj", "{BD480D88-9432-411A-936F-7746A8D9AEF0}"
EndProject
Global
	GlobalSection(SolutionConfigurationPlatforms) = preSolution
		Debug|Any CPU = Debug|Any CPU
		Release|Any CPU = Release|Any CPU
	EndGlobalSection
	GlobalSection(ProjectConfigurationPlatforms) = postSolution
		{7C089BBC-7E35-4C63-97E2-23E4AE7B3380}.Debug|Any CPU.ActiveCfg = Debug|Any CPU
		{7C089BBC-7E35-4C63-97E2-23E4AE7B3380}.Debug|Any CPU.Build.0 = Debug|Any CPU
		{7C089BBC-7E35-4C63-97E2-23E4AE7B3380}.Release|Any CPU.ActiveCfg = Release|Any CPU
		{7C089BBC-7E35-4C63-97E2-23E4AE7B3380}.Release|Any CPU.Build.0 = Release|Any CPU
		{BD480D88-9432-411A-936F-7746A8D9AEF0}.Debug|Any CPU.ActiveCfg = Debug|Any CPU
		{BD480D88-9432-411A-936F-7746A8D9AEF0}.Debug|Any CPU.Build.0 = Debug|Any CPU
		{BD480D88-9432-411A-936F-7746A8D9AEF0}.Release|Any CPU.ActiveCfg = Release|Any CPU
		{BD480D88-9432-411A-936F-7746A8D9AEF0}.Release|Any CPU.Build.0 = Release|Any CPU
	EndGlobalSection
	GlobalSection(SolutionProperties) = preSolution
		HideSolutionNode = FALSE
	EndGlobalSection
	GlobalSection(ExtensibilityGlobals) = postSolution
		SolutionGuid = {B7550B43-AC33-4788-B2B7-624B3F03C343}
	EndGlobalSection
EndGlobal
